// !$*UTF8*$!
{
	archiveVersion = 1;
	classes = {
	};
	objectVersion = 50;
	objects = {

/* Begin PBXBuildFile section */
		474909AA226E9EBF00A345A1 /* AppDelegate.swift in Sources */ = {isa = PBXBuildFile; fileRef = 474909A9226E9EBF00A345A1 /* AppDelegate.swift */; };
		474909AC226E9EBF00A345A1 /* ViewController.swift in Sources */ = {isa = PBXBuildFile; fileRef = 474909AB226E9EBF00A345A1 /* ViewController.swift */; };
		474909AE226E9EC300A345A1 /* Assets.xcassets in Resources */ = {isa = PBXBuildFile; fileRef = 474909AD226E9EC300A345A1 /* Assets.xcassets */; };
		474909B1226E9EC300A345A1 /* Main.storyboard in Resources */ = {isa = PBXBuildFile; fileRef = 474909AF226E9EC300A345A1 /* Main.storyboard */; };
		474909BD226E9FC100A345A1 /* Renderer.swift in Sources */ = {isa = PBXBuildFile; fileRef = 474909B9226E9FC000A345A1 /* Renderer.swift */; };
		474909BE226E9FC100A345A1 /* SimpleShader.metal in Sources */ = {isa = PBXBuildFile; fileRef = 474909BC226E9FC100A345A1 /* SimpleShader.metal */; };
		474909C2226EA01500A345A1 /* Metal.framework in Frameworks */ = {isa = PBXBuildFile; fileRef = 474909C0226EA01400A345A1 /* Metal.framework */; };
		474909C3226EA01500A345A1 /* MetalKit.framework in Frameworks */ = {isa = PBXBuildFile; fileRef = 474909C1226EA01500A345A1 /* MetalKit.framework */; };
		474909C5226EA0BE00A345A1 /* MathUtil.swift in Sources */ = {isa = PBXBuildFile; fileRef = 474909C4226EA0BD00A345A1 /* MathUtil.swift */; };
/* End PBXBuildFile section */

/* Begin PBXFileReference section */
		474909A6226E9EBF00A345A1 /* tutorial03_matrices.app */ = {isa = PBXFileReference; explicitFileType = wrapper.application; includeInIndex = 0; path = tutorial03_matrices.app; sourceTree = BUILT_PRODUCTS_DIR; };
		474909A9226E9EBF00A345A1 /* AppDelegate.swift */ = {isa = PBXFileReference; lastKnownFileType = sourcecode.swift; path = AppDelegate.swift; sourceTree = "<group>"; };
		474909AB226E9EBF00A345A1 /* ViewController.swift */ = {isa = PBXFileReference; lastKnownFileType = sourcecode.swift; path = ViewController.swift; sourceTree = "<group>"; };
		474909AD226E9EC300A345A1 /* Assets.xcassets */ = {isa = PBXFileReference; lastKnownFileType = folder.assetcatalog; path = Assets.xcassets; sourceTree = "<group>"; };
		474909B0226E9EC300A345A1 /* Base */ = {isa = PBXFileReference; lastKnownFileType = file.storyboard; name = Base; path = Base.lproj/Main.storyboard; sourceTree = "<group>"; };
		474909B2226E9EC300A345A1 /* Info.plist */ = {isa = PBXFileReference; lastKnownFileType = text.plist.xml; path = Info.plist; sourceTree = "<group>"; };
		474909B3226E9EC300A345A1 /* tutorial03_matrices.entitlements */ = {isa = PBXFileReference; lastKnownFileType = text.plist.entitlements; path = tutorial03_matrices.entitlements; sourceTree = "<group>"; };
		474909B9226E9FC000A345A1 /* Renderer.swift */ = {isa = PBXFileReference; fileEncoding = 4; lastKnownFileType = sourcecode.swift; path = Renderer.swift; sourceTree = "<group>"; };
		474909BA226E9FC000A345A1 /* ShaderTypes.h */ = {isa = PBXFileReference; fileEncoding = 4; lastKnownFileType = sourcecode.c.h; path = ShaderTypes.h; sourceTree = "<group>"; };
		474909BB226E9FC100A345A1 /* Bridge-Header.h */ = {isa = PBXFileReference; fileEncoding = 4; lastKnownFileType = sourcecode.c.h; path = "Bridge-Header.h"; sourceTree = "<group>"; };
		474909BC226E9FC100A345A1 /* SimpleShader.metal */ = {isa = PBXFileReference; fileEncoding = 4; lastKnownFileType = sourcecode.metal; path = SimpleShader.metal; sourceTree = "<group>"; };
		474909C0226EA01400A345A1 /* Metal.framework */ = {isa = PBXFileReference; lastKnownFileType = wrapper.framework; name = Metal.framework; path = System/Library/Frameworks/Metal.framework; sourceTree = SDKROOT; };
		474909C1226EA01500A345A1 /* MetalKit.framework */ = {isa = PBXFileReference; lastKnownFileType = wrapper.framework; name = MetalKit.framework; path = System/Library/Frameworks/MetalKit.framework; sourceTree = SDKROOT; };
		474909C4226EA0BD00A345A1 /* MathUtil.swift */ = {isa = PBXFileReference; fileEncoding = 4; lastKnownFileType = sourcecode.swift; path = MathUtil.swift; sourceTree = "<group>"; };
/* End PBXFileReference section */

/* Begin PBXFrameworksBuildPhase section */
		474909A3226E9EBF00A345A1 /* Frameworks */ = {
			isa = PBXFrameworksBuildPhase;
			buildActionMask = 2147483647;
			files = (
				474909C2226EA01500A345A1 /* Metal.framework in Frameworks */,
				474909C3226EA01500A345A1 /* MetalKit.framework in Frameworks */,
			);
			runOnlyForDeploymentPostprocessing = 0;
		};
/* End PBXFrameworksBuildPhase section */

/* Begin PBXGroup section */
		4749099D226E9EBF00A345A1 = {
			isa = PBXGroup;
			children = (
				474909A8226E9EBF00A345A1 /* tutorial03_matrices */,
				474909A7226E9EBF00A345A1 /* Products */,
				474909BF226EA01400A345A1 /* Frameworks */,
			);
			sourceTree = "<group>";
		};
		474909A7226E9EBF00A345A1 /* Products */ = {
			isa = PBXGroup;
			children = (
				474909A6226E9EBF00A345A1 /* tutorial03_matrices.app */,
			);
			name = Products;
			sourceTree = "<group>";
		};
		474909A8226E9EBF00A345A1 /* tutorial03_matrices */ = {
			isa = PBXGroup;
			children = (
				474909A9226E9EBF00A345A1 /* AppDelegate.swift */,
				474909AB226E9EBF00A345A1 /* ViewController.swift */,
				474909B9226E9FC000A345A1 /* Renderer.swift */,
				474909C4226EA0BD00A345A1 /* MathUtil.swift */,
				474909BC226E9FC100A345A1 /* SimpleShader.metal */,
				474909BA226E9FC000A345A1 /* ShaderTypes.h */,
				474909BB226E9FC100A345A1 /* Bridge-Header.h */,
				474909AD226E9EC300A345A1 /* Assets.xcassets */,
				474909AF226E9EC300A345A1 /* Main.storyboard */,
				474909B2226E9EC300A345A1 /* Info.plist */,
				474909B3226E9EC300A345A1 /* tutorial03_matrices.entitlements */,
			);
			path = tutorial03_matrices;
			sourceTree = "<group>";
		};
		474909BF226EA01400A345A1 /* Frameworks */ = {
			isa = PBXGroup;
			children = (
				474909C0226EA01400A345A1 /* Metal.framework */,
				474909C1226EA01500A345A1 /* MetalKit.framework */,
			);
			name = Frameworks;
			sourceTree = "<group>";
		};
/* End PBXGroup section */

/* Begin PBXNativeTarget section */
		474909A5226E9EBF00A345A1 /* tutorial03_matrices */ = {
			isa = PBXNativeTarget;
			buildConfigurationList = 474909B6226E9EC300A345A1 /* Build configuration list for PBXNativeTarget "tutorial03_matrices" */;
			buildPhases = (
				474909A2226E9EBF00A345A1 /* Sources */,
				474909A3226E9EBF00A345A1 /* Frameworks */,
				474909A4226E9EBF00A345A1 /* Resources */,
			);
			buildRules = (
			);
			dependencies = (
			);
			name = tutorial03_matrices;
			productName = tutorial03_matrices;
			productReference = 474909A6226E9EBF00A345A1 /* tutorial03_matrices.app */;
			productType = "com.apple.product-type.application";
		};
/* End PBXNativeTarget section */

/* Begin PBXProject section */
		4749099E226E9EBF00A345A1 /* Project object */ = {
			isa = PBXProject;
			attributes = {
				LastSwiftUpdateCheck = 1020;
				LastUpgradeCheck = 1020;
				ORGANIZATIONNAME = "Yohei Yoshihara";
				TargetAttributes = {
					474909A5226E9EBF00A345A1 = {
						CreatedOnToolsVersion = 10.2.1;
					};
				};
			};
			buildConfigurationList = 474909A1226E9EBF00A345A1 /* Build configuration list for PBXProject "tutorial03_matrices" */;
			compatibilityVersion = "Xcode 9.3";
			developmentRegion = en;
			hasScannedForEncodings = 0;
			knownRegions = (
				en,
				Base,
			);
			mainGroup = 4749099D226E9EBF00A345A1;
			productRefGroup = 474909A7226E9EBF00A345A1 /* Products */;
			projectDirPath = "";
			projectRoot = "";
			targets = (
				474909A5226E9EBF00A345A1 /* tutorial03_matrices */,
			);
		};
/* End PBXProject section */

/* Begin PBXResourcesBuildPhase section */
		474909A4226E9EBF00A345A1 /* Resources */ = {
			isa = PBXResourcesBuildPhase;
			buildActionMask = 2147483647;
			files = (
				474909AE226E9EC300A345A1 /* Assets.xcassets in Resources */,
				474909B1226E9EC300A345A1 /* Main.storyboard in Resources */,
			);
			runOnlyForDeploymentPostprocessing = 0;
		};
/* End PBXResourcesBuildPhase section */

/* Begin PBXSourcesBuildPhase section */
		474909A2226E9EBF00A345A1 /* Sources */ = {
			isa = PBXSourcesBuildPhase;
			buildActionMask = 2147483647;
			files = (
				474909BE226E9FC100A345A1 /* SimpleShader.metal in Sources */,
				474909AC226E9EBF00A345A1 /* ViewController.swift in Sources */,
				474909C5226EA0BE00A345A1 /* MathUtil.swift in Sources */,
				474909BD226E9FC100A345A1 /* Renderer.swift in Sources */,
				474909AA226E9EBF00A345A1 /* AppDelegate.swift in Sources */,
			);
			runOnlyForDeploymentPostprocessing = 0;
		};
/* End PBXSourcesBuildPhase section */

/* Begin PBXVariantGroup section */
		474909AF226E9EC300A345A1 /* Main.storyboard */ = {
			isa = PBXVariantGroup;
			children = (
				474909B0226E9EC300A345A1 /* Base */,
			);
			name = Main.storyboard;
			sourceTree = "<group>";
		};
/* End PBXVariantGroup section */

/* Begin XCBuildConfiguration section */
		474909B4226E9EC300A345A1 /* Debug */ = {
			isa = XCBuildConfiguration;
			buildSettings = {
				ALWAYS_SEARCH_USER_PATHS = NO;
				CLANG_ANALYZER_NONNULL = YES;
				CLANG_ANALYZER_NUMBER_OBJECT_CONVERSION = YES_AGGRESSIVE;
				CLANG_CXX_LANGUAGE_STANDARD = "gnu++14";
				CLANG_CXX_LIBRARY = "libc++";
				CLANG_ENABLE_MODULES = YES;
				CLANG_ENABLE_OBJC_ARC = YES;
				CLANG_ENABLE_OBJC_WEAK = YES;
				CLANG_WARN_BLOCK_CAPTURE_AUTORELEASING = YES;
				CLANG_WARN_BOOL_CONVERSION = YES;
				CLANG_WARN_COMMA = YES;
				CLANG_WARN_CONSTANT_CONVERSION = YES;
				CLANG_WARN_DEPRECATED_OBJC_IMPLEMENTATIONS = YES;
				CLANG_WARN_DIRECT_OBJC_ISA_USAGE = YES_ERROR;
				CLANG_WARN_DOCUMENTATION_COMMENTS = YES;
				CLANG_WARN_EMPTY_BODY = YES;
				CLANG_WARN_ENUM_CONVERSION = YES;
				CLANG_WARN_INFINITE_RECURSION = YES;
				CLANG_WARN_INT_CONVERSION = YES;
				CLANG_WARN_NON_LITERAL_NULL_CONVERSION = YES;
				CLANG_WARN_OBJC_IMPLICIT_RETAIN_SELF = YES;
				CLANG_WARN_OBJC_LITERAL_CONVERSION = YES;
				CLANG_WARN_OBJC_ROOT_CLASS = YES_ERROR;
				CLANG_WARN_RANGE_LOOP_ANALYSIS = YES;
				CLANG_WARN_STRICT_PROTOTYPES = YES;
				CLANG_WARN_SUSPICIOUS_MOVE = YES;
				CLANG_WARN_UNGUARDED_AVAILABILITY = YES_AGGRESSIVE;
				CLANG_WARN_UNREACHABLE_CODE = YES;
				CLANG_WARN__DUPLICATE_METHOD_MATCH = YES;
				CODE_SIGN_IDENTITY = "Mac Developer";
				COPY_PHASE_STRIP = NO;
				DEBUG_INFORMATION_FORMAT = dwarf;
				ENABLE_STRICT_OBJC_MSGSEND = YES;
				ENABLE_TESTABILITY = YES;
				GCC_C_LANGUAGE_STANDARD = gnu11;
				GCC_DYNAMIC_NO_PIC = NO;
				GCC_NO_COMMON_BLOCKS = YES;
				GCC_OPTIMIZATION_LEVEL = 0;
				GCC_PREPROCESSOR_DEFINITIONS = (
					"DEBUG=1",
					"$(inherited)",
				);
				GCC_WARN_64_TO_32_BIT_CONVERSION = YES;
				GCC_WARN_ABOUT_RETURN_TYPE = YES_ERROR;
				GCC_WARN_UNDECLARED_SELECTOR = YES;
				GCC_WARN_UNINITIALIZED_AUTOS = YES_AGGRESSIVE;
				GCC_WARN_UNUSED_FUNCTION = YES;
				GCC_WARN_UNUSED_VARIABLE = YES;
				MACOSX_DEPLOYMENT_TARGET = 10.14;
				MTL_ENABLE_DEBUG_INFO = INCLUDE_SOURCE;
				MTL_FAST_MATH = YES;
				ONLY_ACTIVE_ARCH = YES;
				SDKROOT = macosx;
				SWIFT_ACTIVE_COMPILATION_CONDITIONS = DEBUG;
				SWIFT_OPTIMIZATION_LEVEL = "-Onone";
			};
			name = Debug;
		};
		474909B5226E9EC300A345A1 /* Release */ = {
			isa = XCBuildConfiguration;
			buildSettings = {
				ALWAYS_SEARCH_USER_PATHS = NO;
				CLANG_ANALYZER_NONNULL = YES;
				CLANG_ANALYZER_NUMBER_OBJECT_CONVERSION = YES_AGGRESSIVE;
				CLANG_CXX_LANGUAGE_STANDARD = "gnu++14";
				CLANG_CXX_LIBRARY = "libc++";
				CLANG_ENABLE_MODULES = YES;
				CLANG_ENABLE_OBJC_ARC = YES;
				CLANG_ENABLE_OBJC_WEAK = YES;
				CLANG_WARN_BLOCK_CAPTURE_AUTORELEASING = YES;
				CLANG_WARN_BOOL_CONVERSION = YES;
				CLANG_WARN_COMMA = YES;
				CLANG_WARN_CONSTANT_CONVERSION = YES;
				CLANG_WARN_DEPRECATED_OBJC_IMPLEMENTATIONS = YES;
				CLANG_WARN_DIRECT_OBJC_ISA_USAGE = YES_ERROR;
				CLANG_WARN_DOCUMENTATION_COMMENTS = YES;
				CLANG_WARN_EMPTY_BODY = YES;
				CLANG_WARN_ENUM_CONVERSION = YES;
				CLANG_WARN_INFINITE_RECURSION = YES;
				CLANG_WARN_INT_CONVERSION = YES;
				CLANG_WARN_NON_LITERAL_NULL_CONVERSION = YES;
				CLANG_WARN_OBJC_IMPLICIT_RETAIN_SELF = YES;
				CLANG_WARN_OBJC_LITERAL_CONVERSION = YES;
				CLANG_WARN_OBJC_ROOT_CLASS = YES_ERROR;
				CLANG_WARN_RANGE_LOOP_ANALYSIS = YES;
				CLANG_WARN_STRICT_PROTOTYPES = YES;
				CLANG_WARN_SUSPICIOUS_MOVE = YES;
				CLANG_WARN_UNGUARDED_AVAILABILITY = YES_AGGRESSIVE;
				CLANG_WARN_UNREACHABLE_CODE = YES;
				CLANG_WARN__DUPLICATE_METHOD_MATCH = YES;
				CODE_SIGN_IDENTITY = "Mac Developer";
				COPY_PHASE_STRIP = NO;
				DEBUG_INFORMATION_FORMAT = "dwarf-with-dsym";
				ENABLE_NS_ASSERTIONS = NO;
				ENABLE_STRICT_OBJC_MSGSEND = YES;
				GCC_C_LANGUAGE_STANDARD = gnu11;
				GCC_NO_COMMON_BLOCKS = YES;
				GCC_WARN_64_TO_32_BIT_CONVERSION = YES;
				GCC_WARN_ABOUT_RETURN_TYPE = YES_ERROR;
				GCC_WARN_UNDECLARED_SELECTOR = YES;
				GCC_WARN_UNINITIALIZED_AUTOS = YES_AGGRESSIVE;
				GCC_WARN_UNUSED_FUNCTION = YES;
				GCC_WARN_UNUSED_VARIABLE = YES;
				MACOSX_DEPLOYMENT_TARGET = 10.14;
				MTL_ENABLE_DEBUG_INFO = NO;
				MTL_FAST_MATH = YES;
				SDKROOT = macosx;
				SWIFT_COMPILATION_MODE = wholemodule;
				SWIFT_OPTIMIZATION_LEVEL = "-O";
			};
			name = Release;
		};
		474909B7226E9EC300A345A1 /* Debug */ = {
			isa = XCBuildConfiguration;
			buildSettings = {
				ASSETCATALOG_COMPILER_APPICON_NAME = AppIcon;
				CODE_SIGN_ENTITLEMENTS = tutorial03_matrices/tutorial03_matrices.entitlements;
				CODE_SIGN_STYLE = Automatic;
				COMBINE_HIDPI_IMAGES = YES;
				INFOPLIST_FILE = tutorial03_matrices/Info.plist;
				LD_RUNPATH_SEARCH_PATHS = (
					"$(inherited)",
					"@executable_path/../Frameworks",
				);
				PRODUCT_BUNDLE_IDENTIFIER = "com.x0.yy2.tutorial03-matrices";
				PRODUCT_NAME = "$(TARGET_NAME)";
				SWIFT_OBJC_BRIDGING_HEADER = "tutorial03_matrices/Bridge-Header.h";
				SWIFT_VERSION = 5.0;
			};
			name = Debug;
		};
		474909B8226E9EC300A345A1 /* Release */ = {
			isa = XCBuildConfiguration;
			buildSettings = {
				ASSETCATALOG_COMPILER_APPICON_NAME = AppIcon;
				CODE_SIGN_ENTITLEMENTS = tutorial03_matrices/tutorial03_matrices.entitlements;
				CODE_SIGN_STYLE = Automatic;
				COMBINE_HIDPI_IMAGES = YES;
				INFOPLIST_FILE = tutorial03_matrices/Info.plist;
				LD_RUNPATH_SEARCH_PATHS = (
					"$(inherited)",
					"@executable_path/../Frameworks",
				);
				PRODUCT_BUNDLE_IDENTIFIER = "com.x0.yy2.tutorial03-matrices";
				PRODUCT_NAME = "$(TARGET_NAME)";
				SWIFT_OBJC_BRIDGING_HEADER = "tutorial03_matrices/Bridge-Header.h";
				SWIFT_VERSION = 5.0;
			};
			name = Release;
		};
/* End XCBuildConfiguration section */

/* Begin XCConfigurationList section */
		474909A1226E9EBF00A345A1 /* Build configuration list for PBXProject "tutorial03_matrices" */ = {
			isa = XCConfigurationList;
			buildConfigurations = (
				474909B4226E9EC300A345A1 /* Debug */,
				474909B5226E9EC300A345A1 /* Release */,
			);
			defaultConfigurationIsVisible = 0;
			defaultConfigurationName = Release;
		};
		474909B6226E9EC300A345A1 /* Build configuration list for PBXNativeTarget "tutorial03_matrices" */ = {
			isa = XCConfigurationList;
			buildConfigurations = (
				474909B7226E9EC300A345A1 /* Debug */,
				474909B8226E9EC300A345A1 /* Release */,
			);
			defaultConfigurationIsVisible = 0;
			defaultConfigurationName = Release;
		};
/* End XCConfigurationList section */
	};
	rootObject = 4749099E226E9EBF00A345A1 /* Project object */;
}
