// !$*UTF8*$!
{
	archiveVersion = 1;
	classes = {
	};
	objectVersion = 50;
	objects = {

/* Begin PBXBuildFile section */
		47046115226730A500D0CA60 /* AppDelegate.swift in Sources */ = {isa = PBXBuildFile; fileRef = 47046114226730A500D0CA60 /* AppDelegate.swift */; };
		47046117226730A500D0CA60 /* ViewController.swift in Sources */ = {isa = PBXBuildFile; fileRef = 47046116226730A500D0CA60 /* ViewController.swift */; };
		47046119226730A800D0CA60 /* Assets.xcassets in Resources */ = {isa = PBXBuildFile; fileRef = 47046118226730A800D0CA60 /* Assets.xcassets */; };
		4704611C226730A800D0CA60 /* Main.storyboard in Resources */ = {isa = PBXBuildFile; fileRef = 4704611A226730A800D0CA60 /* Main.storyboard */; };
		4704612D2267330700D0CA60 /* Metal.framework in Frameworks */ = {isa = PBXBuildFile; fileRef = 4704612B2267330700D0CA60 /* Metal.framework */; };
		4704612E2267330700D0CA60 /* MetalKit.framework in Frameworks */ = {isa = PBXBuildFile; fileRef = 4704612C2267330700D0CA60 /* MetalKit.framework */; };
		470461502267389900D0CA60 /* Renderer.swift in Sources */ = {isa = PBXBuildFile; fileRef = 4704614F2267389800D0CA60 /* Renderer.swift */; };
		470461522267390200D0CA60 /* SimpleShader.metal in Sources */ = {isa = PBXBuildFile; fileRef = 470461512267390200D0CA60 /* SimpleShader.metal */; };
/* End PBXBuildFile section */

/* Begin PBXFileReference section */
		47046111226730A500D0CA60 /* tutorial02_red_triangle.app */ = {isa = PBXFileReference; explicitFileType = wrapper.application; includeInIndex = 0; path = tutorial02_red_triangle.app; sourceTree = BUILT_PRODUCTS_DIR; };
		47046114226730A500D0CA60 /* AppDelegate.swift */ = {isa = PBXFileReference; lastKnownFileType = sourcecode.swift; path = AppDelegate.swift; sourceTree = "<group>"; };
		47046116226730A500D0CA60 /* ViewController.swift */ = {isa = PBXFileReference; lastKnownFileType = sourcecode.swift; path = ViewController.swift; sourceTree = "<group>"; };
		47046118226730A800D0CA60 /* Assets.xcassets */ = {isa = PBXFileReference; lastKnownFileType = folder.assetcatalog; path = Assets.xcassets; sourceTree = "<group>"; };
		4704611B226730A800D0CA60 /* Base */ = {isa = PBXFileReference; lastKnownFileType = file.storyboard; name = Base; path = Base.lproj/Main.storyboard; sourceTree = "<group>"; };
		4704611D226730A800D0CA60 /* Info.plist */ = {isa = PBXFileReference; lastKnownFileType = text.plist.xml; path = Info.plist; sourceTree = "<group>"; };
		4704611E226730A800D0CA60 /* tutorial02_red_triangle.entitlements */ = {isa = PBXFileReference; lastKnownFileType = text.plist.entitlements; path = tutorial02_red_triangle.entitlements; sourceTree = "<group>"; };
		4704612B2267330700D0CA60 /* Metal.framework */ = {isa = PBXFileReference; lastKnownFileType = wrapper.framework; name = Metal.framework; path = System/Library/Frameworks/Metal.framework; sourceTree = SDKROOT; };
		4704612C2267330700D0CA60 /* MetalKit.framework */ = {isa = PBXFileReference; lastKnownFileType = wrapper.framework; name = MetalKit.framework; path = System/Library/Frameworks/MetalKit.framework; sourceTree = SDKROOT; };
		4704614F2267389800D0CA60 /* Renderer.swift */ = {isa = PBXFileReference; fileEncoding = 4; lastKnownFileType = sourcecode.swift; path = Renderer.swift; sourceTree = "<group>"; };
		470461512267390200D0CA60 /* SimpleShader.metal */ = {isa = PBXFileReference; fileEncoding = 4; lastKnownFileType = sourcecode.metal; path = SimpleShader.metal; sourceTree = "<group>"; };
		4749099B226E997000A345A1 /* Bridge-Header.h */ = {isa = PBXFileReference; lastKnownFileType = sourcecode.c.h; path = "Bridge-Header.h"; sourceTree = "<group>"; };
		4749099C226E99C900A345A1 /* ShaderTypes.h */ = {isa = PBXFileReference; lastKnownFileType = sourcecode.c.h; path = ShaderTypes.h; sourceTree = "<group>"; };
/* End PBXFileReference section */

/* Begin PBXFrameworksBuildPhase section */
		4704610E226730A500D0CA60 /* Frameworks */ = {
			isa = PBXFrameworksBuildPhase;
			buildActionMask = 2147483647;
			files = (
				4704612D2267330700D0CA60 /* Metal.framework in Frameworks */,
				4704612E2267330700D0CA60 /* MetalKit.framework in Frameworks */,
			);
			runOnlyForDeploymentPostprocessing = 0;
		};
/* End PBXFrameworksBuildPhase section */

/* Begin PBXGroup section */
		47046108226730A500D0CA60 = {
			isa = PBXGroup;
			children = (
				47046113226730A500D0CA60 /* tutorial02_red_triangle */,
				47046112226730A500D0CA60 /* Products */,
				4704612A2267330700D0CA60 /* Frameworks */,
			);
			sourceTree = "<group>";
		};
		47046112226730A500D0CA60 /* Products */ = {
			isa = PBXGroup;
			children = (
				47046111226730A500D0CA60 /* tutorial02_red_triangle.app */,
			);
			name = Products;
			sourceTree = "<group>";
		};
		47046113226730A500D0CA60 /* tutorial02_red_triangle */ = {
			isa = PBXGroup;
			children = (
				47046114226730A500D0CA60 /* AppDelegate.swift */,
				47046116226730A500D0CA60 /* ViewController.swift */,
				4704614F2267389800D0CA60 /* Renderer.swift */,
				470461512267390200D0CA60 /* SimpleShader.metal */,
				4749099C226E99C900A345A1 /* ShaderTypes.h */,
				4749099B226E997000A345A1 /* Bridge-Header.h */,
				47046118226730A800D0CA60 /* Assets.xcassets */,
				4704611A226730A800D0CA60 /* Main.storyboard */,
				4704611D226730A800D0CA60 /* Info.plist */,
				4704611E226730A800D0CA60 /* tutorial02_red_triangle.entitlements */,
			);
			path = tutorial02_red_triangle;
			sourceTree = "<group>";
		};
		4704612A2267330700D0CA60 /* Frameworks */ = {
			isa = PBXGroup;
			children = (
				4704612B2267330700D0CA60 /* Metal.framework */,
				4704612C2267330700D0CA60 /* MetalKit.framework */,
			);
			name = Frameworks;
			sourceTree = "<group>";
		};
/* End PBXGroup section */

/* Begin PBXNativeTarget section */
		47046110226730A500D0CA60 /* tutorial02_red_triangle */ = {
			isa = PBXNativeTarget;
			buildConfigurationList = 47046121226730A800D0CA60 /* Build configuration list for PBXNativeTarget "tutorial02_red_triangle" */;
			buildPhases = (
				4704610D226730A500D0CA60 /* Sources */,
				4704610E226730A500D0CA60 /* Frameworks */,
				4704610F226730A500D0CA60 /* Resources */,
			);
			buildRules = (
			);
			dependencies = (
			);
			name = tutorial02_red_triangle;
			productName = tutorial02_red_triangle;
			productReference = 47046111226730A500D0CA60 /* tutorial02_red_triangle.app */;
			productType = "com.apple.product-type.application";
		};
/* End PBXNativeTarget section */

/* Begin PBXProject section */
		47046109226730A500D0CA60 /* Project object */ = {
			isa = PBXProject;
			attributes = {
				LastSwiftUpdateCheck = 1020;
				LastUpgradeCheck = 1020;
				ORGANIZATIONNAME = "Yohei Yoshihara";
				TargetAttributes = {
					47046110226730A500D0CA60 = {
						CreatedOnToolsVersion = 10.2;
					};
				};
			};
			buildConfigurationList = 4704610C226730A500D0CA60 /* Build configuration list for PBXProject "tutorial02_red_triangle" */;
			compatibilityVersion = "Xcode 9.3";
			developmentRegion = en;
			hasScannedForEncodings = 0;
			knownRegions = (
				en,
				Base,
			);
			mainGroup = 47046108226730A500D0CA60;
			productRefGroup = 47046112226730A500D0CA60 /* Products */;
			projectDirPath = "";
			projectRoot = "";
			targets = (
				47046110226730A500D0CA60 /* tutorial02_red_triangle */,
			);
		};
/* End PBXProject section */

/* Begin PBXResourcesBuildPhase section */
		4704610F226730A500D0CA60 /* Resources */ = {
			isa = PBXResourcesBuildPhase;
			buildActionMask = 2147483647;
			files = (
				47046119226730A800D0CA60 /* Assets.xcassets in Resources */,
				4704611C226730A800D0CA60 /* Main.storyboard in Resources */,
			);
			runOnlyForDeploymentPostprocessing = 0;
		};
/* End PBXResourcesBuildPhase section */

/* Begin PBXSourcesBuildPhase section */
		4704610D226730A500D0CA60 /* Sources */ = {
			isa = PBXSourcesBuildPhase;
			buildActionMask = 2147483647;
			files = (
				470461522267390200D0CA60 /* SimpleShader.metal in Sources */,
				470461502267389900D0CA60 /* Renderer.swift in Sources */,
				47046117226730A500D0CA60 /* ViewController.swift in Sources */,
				47046115226730A500D0CA60 /* AppDelegate.swift in Sources */,
			);
			runOnlyForDeploymentPostprocessing = 0;
		};
/* End PBXSourcesBuildPhase section */

/* Begin PBXVariantGroup section */
		4704611A226730A800D0CA60 /* Main.storyboard */ = {
			isa = PBXVariantGroup;
			children = (
				4704611B226730A800D0CA60 /* Base */,
			);
			name = Main.storyboard;
			sourceTree = "<group>";
		};
/* End PBXVariantGroup section */

/* Begin XCBuildConfiguration section */
		4704611F226730A800D0CA60 /* Debug */ = {
			isa = XCBuildConfiguration;
			buildSettings = {
				ALWAYS_SEARCH_USER_PATHS = NO;
				CLANG_ANALYZER_NONNULL = YES;
				CLANG_ANALYZER_NUMBER_OBJECT_CONVERSION = YES_AGGRESSIVE;
				CLANG_CXX_LANGUAGE_STANDARD = "gnu++14";
				CLANG_CXX_LIBRARY = "libc++";
				CLANG_ENABLE_MODULES = YES;
				CLANG_ENABLE_OBJC_ARC = YES;
				CLANG_ENABLE_OBJC_WEAK = YES;
				CLANG_WARN_BLOCK_CAPTURE_AUTORELEASING = YES;
				CLANG_WARN_BOOL_CONVERSION = YES;
				CLANG_WARN_COMMA = YES;
				CLANG_WARN_CONSTANT_CONVERSION = YES;
				CLANG_WARN_DEPRECATED_OBJC_IMPLEMENTATIONS = YES;
				CLANG_WARN_DIRECT_OBJC_ISA_USAGE = YES_ERROR;
				CLANG_WARN_DOCUMENTATION_COMMENTS = YES;
				CLANG_WARN_EMPTY_BODY = YES;
				CLANG_WARN_ENUM_CONVERSION = YES;
				CLANG_WARN_INFINITE_RECURSION = YES;
				CLANG_WARN_INT_CONVERSION = YES;
				CLANG_WARN_NON_LITERAL_NULL_CONVERSION = YES;
				CLANG_WARN_OBJC_IMPLICIT_RETAIN_SELF = YES;
				CLANG_WARN_OBJC_LITERAL_CONVERSION = YES;
				CLANG_WARN_OBJC_ROOT_CLASS = YES_ERROR;
				CLANG_WARN_RANGE_LOOP_ANALYSIS = YES;
				CLANG_WARN_STRICT_PROTOTYPES = YES;
				CLANG_WARN_SUSPICIOUS_MOVE = YES;
				CLANG_WARN_UNGUARDED_AVAILABILITY = YES_AGGRESSIVE;
				CLANG_WARN_UNREACHABLE_CODE = YES;
				CLANG_WARN__DUPLICATE_METHOD_MATCH = YES;
				CODE_SIGN_IDENTITY = "Mac Developer";
				COPY_PHASE_STRIP = NO;
				DEBUG_INFORMATION_FORMAT = dwarf;
				ENABLE_STRICT_OBJC_MSGSEND = YES;
				ENABLE_TESTABILITY = YES;
				GCC_C_LANGUAGE_STANDARD = gnu11;
				GCC_DYNAMIC_NO_PIC = NO;
				GCC_NO_COMMON_BLOCKS = YES;
				GCC_OPTIMIZATION_LEVEL = 0;
				GCC_PREPROCESSOR_DEFINITIONS = (
					"DEBUG=1",
					"$(inherited)",
				);
				GCC_WARN_64_TO_32_BIT_CONVERSION = YES;
				GCC_WARN_ABOUT_RETURN_TYPE = YES_ERROR;
				GCC_WARN_UNDECLARED_SELECTOR = YES;
				GCC_WARN_UNINITIALIZED_AUTOS = YES_AGGRESSIVE;
				GCC_WARN_UNUSED_FUNCTION = YES;
				GCC_WARN_UNUSED_VARIABLE = YES;
				MACOSX_DEPLOYMENT_TARGET = 10.14;
				MTL_ENABLE_DEBUG_INFO = INCLUDE_SOURCE;
				MTL_FAST_MATH = YES;
				ONLY_ACTIVE_ARCH = YES;
				SDKROOT = macosx;
				SWIFT_ACTIVE_COMPILATION_CONDITIONS = DEBUG;
				SWIFT_OPTIMIZATION_LEVEL = "-Onone";
			};
			name = Debug;
		};
		47046120226730A800D0CA60 /* Release */ = {
			isa = XCBuildConfiguration;
			buildSettings = {
				ALWAYS_SEARCH_USER_PATHS = NO;
				CLANG_ANALYZER_NONNULL = YES;
				CLANG_ANALYZER_NUMBER_OBJECT_CONVERSION = YES_AGGRESSIVE;
				CLANG_CXX_LANGUAGE_STANDARD = "gnu++14";
				CLANG_CXX_LIBRARY = "libc++";
				CLANG_ENABLE_MODULES = YES;
				CLANG_ENABLE_OBJC_ARC = YES;
				CLANG_ENABLE_OBJC_WEAK = YES;
				CLANG_WARN_BLOCK_CAPTURE_AUTORELEASING = YES;
				CLANG_WARN_BOOL_CONVERSION = YES;
				CLANG_WARN_COMMA = YES;
				CLANG_WARN_CONSTANT_CONVERSION = YES;
				CLANG_WARN_DEPRECATED_OBJC_IMPLEMENTATIONS = YES;
				CLANG_WARN_DIRECT_OBJC_ISA_USAGE = YES_ERROR;
				CLANG_WARN_DOCUMENTATION_COMMENTS = YES;
				CLANG_WARN_EMPTY_BODY = YES;
				CLANG_WARN_ENUM_CONVERSION = YES;
				CLANG_WARN_INFINITE_RECURSION = YES;
				CLANG_WARN_INT_CONVERSION = YES;
				CLANG_WARN_NON_LITERAL_NULL_CONVERSION = YES;
				CLANG_WARN_OBJC_IMPLICIT_RETAIN_SELF = YES;
				CLANG_WARN_OBJC_LITERAL_CONVERSION = YES;
				CLANG_WARN_OBJC_ROOT_CLASS = YES_ERROR;
				CLANG_WARN_RANGE_LOOP_ANALYSIS = YES;
				CLANG_WARN_STRICT_PROTOTYPES = YES;
				CLANG_WARN_SUSPICIOUS_MOVE = YES;
				CLANG_WARN_UNGUARDED_AVAILABILITY = YES_AGGRESSIVE;
				CLANG_WARN_UNREACHABLE_CODE = YES;
				CLANG_WARN__DUPLICATE_METHOD_MATCH = YES;
				CODE_SIGN_IDENTITY = "Mac Developer";
				COPY_PHASE_STRIP = NO;
				DEBUG_INFORMATION_FORMAT = "dwarf-with-dsym";
				ENABLE_NS_ASSERTIONS = NO;
				ENABLE_STRICT_OBJC_MSGSEND = YES;
				GCC_C_LANGUAGE_STANDARD = gnu11;
				GCC_NO_COMMON_BLOCKS = YES;
				GCC_WARN_64_TO_32_BIT_CONVERSION = YES;
				GCC_WARN_ABOUT_RETURN_TYPE = YES_ERROR;
				GCC_WARN_UNDECLARED_SELECTOR = YES;
				GCC_WARN_UNINITIALIZED_AUTOS = YES_AGGRESSIVE;
				GCC_WARN_UNUSED_FUNCTION = YES;
				GCC_WARN_UNUSED_VARIABLE = YES;
				MACOSX_DEPLOYMENT_TARGET = 10.14;
				MTL_ENABLE_DEBUG_INFO = NO;
				MTL_FAST_MATH = YES;
				SDKROOT = macosx;
				SWIFT_COMPILATION_MODE = wholemodule;
				SWIFT_OPTIMIZATION_LEVEL = "-O";
			};
			name = Release;
		};
		47046122226730A800D0CA60 /* Debug */ = {
			isa = XCBuildConfiguration;
			buildSettings = {
				ASSETCATALOG_COMPILER_APPICON_NAME = AppIcon;
				CODE_SIGN_ENTITLEMENTS = tutorial02_red_triangle/tutorial02_red_triangle.entitlements;
				CODE_SIGN_STYLE = Automatic;
				COMBINE_HIDPI_IMAGES = YES;
				INFOPLIST_FILE = tutorial02_red_triangle/Info.plist;
				LD_RUNPATH_SEARCH_PATHS = (
					"$(inherited)",
					"@executable_path/../Frameworks",
				);
				PRODUCT_BUNDLE_IDENTIFIER = "com.x0.yy2.tutorial02-red-triangle";
				PRODUCT_NAME = "$(TARGET_NAME)";
				SWIFT_OBJC_BRIDGING_HEADER = "tutorial02_red_triangle/Bridge-Header.h";
				SWIFT_VERSION = 5.0;
			};
			name = Debug;
		};
		47046123226730A800D0CA60 /* Release */ = {
			isa = XCBuildConfiguration;
			buildSettings = {
				ASSETCATALOG_COMPILER_APPICON_NAME = AppIcon;
				CODE_SIGN_ENTITLEMENTS = tutorial02_red_triangle/tutorial02_red_triangle.entitlements;
				CODE_SIGN_STYLE = Automatic;
				COMBINE_HIDPI_IMAGES = YES;
				INFOPLIST_FILE = tutorial02_red_triangle/Info.plist;
				LD_RUNPATH_SEARCH_PATHS = (
					"$(inherited)",
					"@executable_path/../Frameworks",
				);
				PRODUCT_BUNDLE_IDENTIFIER = "com.x0.yy2.tutorial02-red-triangle";
				PRODUCT_NAME = "$(TARGET_NAME)";
				SWIFT_OBJC_BRIDGING_HEADER = "tutorial02_red_triangle/Bridge-Header.h";
				SWIFT_VERSION = 5.0;
			};
			name = Release;
		};
/* End XCBuildConfiguration section */

/* Begin XCConfigurationList section */
		4704610C226730A500D0CA60 /* Build configuration list for PBXProject "tutorial02_red_triangle" */ = {
			isa = XCConfigurationList;
			buildConfigurations = (
				4704611F226730A800D0CA60 /* Debug */,
				47046120226730A800D0CA60 /* Release */,
			);
			defaultConfigurationIsVisible = 0;
			defaultConfigurationName = Release;
		};
		47046121226730A800D0CA60 /* Build configuration list for PBXNativeTarget "tutorial02_red_triangle" */ = {
			isa = XCConfigurationList;
			buildConfigurations = (
				47046122226730A800D0CA60 /* Debug */,
				47046123226730A800D0CA60 /* Release */,
			);
			defaultConfigurationIsVisible = 0;
			defaultConfigurationName = Release;
		};
/* End XCConfigurationList section */
	};
	rootObject = 47046109226730A500D0CA60 /* Project object */;
}
